
Microsoft Visual Studio Solution File, Format Version 12.00
# Visual Studio Version 17
VisualStudioVersion = 17.10.34804.81
MinimumVisualStudioVersion = 10.0.40219.1
Project("{F2A71F9B-5D33-465A-A702-920D77279786}") = "Measures", "Measures\Measures.fsproj", "{F90753AF-7BA5-49B9-AE18-8B189BF406FD}"
EndProject
Global
	GlobalSection(SolutionConfigurationPlatforms) = preSolution
		Debug|Any CPU = Debug|Any CPU
		Release|Any CPU = Release|Any CPU
	EndGlobalSection
	GlobalSection(ProjectConfigurationPlatforms) = postSolution
		{F90753AF-7BA5-49B9-AE18-8B189BF406FD}.Debug|Any CPU.ActiveCfg = Debug|Any CPU
		{F90753AF-7BA5-49B9-AE18-8B189BF406FD}.Debug|Any CPU.Build.0 = Debug|Any CPU
		{F90753AF-7BA5-49B9-AE18-8B189BF406FD}.Release|Any CPU.ActiveCfg = Release|Any CPU
		{F90753AF-7BA5-49B9-AE18-8B189BF406FD}.Release|Any CPU.Build.0 = Release|Any CPU
	EndGlobalSection
	GlobalSection(SolutionProperties) = preSolution
		HideSolutionNode = FALSE
	EndGlobalSection
	GlobalSection(ExtensibilityGlobals) = postSolution
		SolutionGuid = {1CF15AAD-FEC8-4487-AFD7-319800676A66}
	EndGlobalSection
EndGlobal
